
Microsoft Visual Studio Solution File, Format Version 12.00
# Visual Studio Version 17
VisualStudioVersion = 17.7.34018.315
MinimumVisualStudioVersion = 10.0.40219.1
Project("{9A19103F-16F7-4668-BE54-9A1E7A4F7556}") = "UI", "UI\UI.csproj", "{5196E0B8-F114-4023-86EB-67EB298388A0}"
EndProject
Project("{9A19103F-16F7-4668-BE54-9A1E7A4F7556}") = "Domain", "Domain\Domain.csproj", "{0B678034-7A2D-4063-AF78-07FED0C1D5AE}"
EndProject
Project("{9A19103F-16F7-4668-BE54-9A1E7A4F7556}") = "Infrastructure", "Infrastructure\Infrastructure.csproj", "{C8536CDB-942F-49A1-BFB8-806F999ECFF1}"
EndProject
Project("{9A19103F-16F7-4668-BE54-9A1E7A4F7556}") = "Domain.Services", "Domain.Services\Domain.Services.csproj", "{70AD0356-750C-4686-AAC9-86B98AC93B78}"
EndProject
Project("{9A19103F-16F7-4668-BE54-9A1E7A4F7556}") = "Domain.Tests", "Domain.Tests\Domain.Tests.csproj", "{F9BCB6DE-1341-4A4D-B7C0-B7E4385299D2}"
EndProject
Project("{9A19103F-16F7-4668-BE54-9A1E7A4F7556}") = "RestfulWebService", "RestfulWebService\RestfulWebService.csproj", "{BECF857F-8DD6-4F96-9774-A60E4E8BFD2C}"
EndProject
Project("{9A19103F-16F7-4668-BE54-9A1E7A4F7556}") = "Infrastructure.Tests", "Infrastructure.Tests\Infrastructure.Tests.csproj", "{E723DBF9-0D11-4042-BEA7-4BB1D4486A68}"
EndProject
Global
	GlobalSection(SolutionConfigurationPlatforms) = preSolution
		Debug|Any CPU = Debug|Any CPU
		Release|Any CPU = Release|Any CPU
	EndGlobalSection
	GlobalSection(ProjectConfigurationPlatforms) = postSolution
		{5196E0B8-F114-4023-86EB-67EB298388A0}.Debug|Any CPU.ActiveCfg = Debug|Any CPU
		{5196E0B8-F114-4023-86EB-67EB298388A0}.Debug|Any CPU.Build.0 = Debug|Any CPU
		{5196E0B8-F114-4023-86EB-67EB298388A0}.Release|Any CPU.ActiveCfg = Release|Any CPU
		{5196E0B8-F114-4023-86EB-67EB298388A0}.Release|Any CPU.Build.0 = Release|Any CPU
		{0B678034-7A2D-4063-AF78-07FED0C1D5AE}.Debug|Any CPU.ActiveCfg = Debug|Any CPU
		{0B678034-7A2D-4063-AF78-07FED0C1D5AE}.Debug|Any CPU.Build.0 = Debug|Any CPU
		{0B678034-7A2D-4063-AF78-07FED0C1D5AE}.Release|Any CPU.ActiveCfg = Release|Any CPU
		{0B678034-7A2D-4063-AF78-07FED0C1D5AE}.Release|Any CPU.Build.0 = Release|Any CPU
		{C8536CDB-942F-49A1-BFB8-806F999ECFF1}.Debug|Any CPU.ActiveCfg = Debug|Any CPU
		{C8536CDB-942F-49A1-BFB8-806F999ECFF1}.Debug|Any CPU.Build.0 = Debug|Any CPU
		{C8536CDB-942F-49A1-BFB8-806F999ECFF1}.Release|Any CPU.ActiveCfg = Release|Any CPU
		{C8536CDB-942F-49A1-BFB8-806F999ECFF1}.Release|Any CPU.Build.0 = Release|Any CPU
		{70AD0356-750C-4686-AAC9-86B98AC93B78}.Debug|Any CPU.ActiveCfg = Debug|Any CPU
		{70AD0356-750C-4686-AAC9-86B98AC93B78}.Debug|Any CPU.Build.0 = Debug|Any CPU
		{70AD0356-750C-4686-AAC9-86B98AC93B78}.Release|Any CPU.ActiveCfg = Release|Any CPU
		{70AD0356-750C-4686-AAC9-86B98AC93B78}.Release|Any CPU.Build.0 = Release|Any CPU
		{F9BCB6DE-1341-4A4D-B7C0-B7E4385299D2}.Debug|Any CPU.ActiveCfg = Debug|Any CPU
		{F9BCB6DE-1341-4A4D-B7C0-B7E4385299D2}.Debug|Any CPU.Build.0 = Debug|Any CPU
		{F9BCB6DE-1341-4A4D-B7C0-B7E4385299D2}.Release|Any CPU.ActiveCfg = Release|Any CPU
		{F9BCB6DE-1341-4A4D-B7C0-B7E4385299D2}.Release|Any CPU.Build.0 = Release|Any CPU
		{BECF857F-8DD6-4F96-9774-A60E4E8BFD2C}.Debug|Any CPU.ActiveCfg = Debug|Any CPU
		{BECF857F-8DD6-4F96-9774-A60E4E8BFD2C}.Debug|Any CPU.Build.0 = Debug|Any CPU
		{BECF857F-8DD6-4F96-9774-A60E4E8BFD2C}.Release|Any CPU.ActiveCfg = Release|Any CPU
		{BECF857F-8DD6-4F96-9774-A60E4E8BFD2C}.Release|Any CPU.Build.0 = Release|Any CPU
		{E723DBF9-0D11-4042-BEA7-4BB1D4486A68}.Debug|Any CPU.ActiveCfg = Debug|Any CPU
		{E723DBF9-0D11-4042-BEA7-4BB1D4486A68}.Debug|Any CPU.Build.0 = Debug|Any CPU
		{E723DBF9-0D11-4042-BEA7-4BB1D4486A68}.Release|Any CPU.ActiveCfg = Release|Any CPU
		{E723DBF9-0D11-4042-BEA7-4BB1D4486A68}.Release|Any CPU.Build.0 = Release|Any CPU
	EndGlobalSection
	GlobalSection(SolutionProperties) = preSolution
		HideSolutionNode = FALSE
	EndGlobalSection
	GlobalSection(ExtensibilityGlobals) = postSolution
		SolutionGuid = {0BC08D8D-02AD-4136-9425-5361FF384C20}
	EndGlobalSection
EndGlobal
